
Microsoft Visual Studio Solution File, Format Version 12.00
# Visual Studio Version 16
VisualStudioVersion = 16.0.31613.86
MinimumVisualStudioVersion = 10.0.40219.1
Project("{FAE04EC0-301F-11D3-BF4B-00C04F79EFBC}") = "APIDATAManagerCore", "APIDATAManagerCore\APIDATAManagerCore.csproj", "{2EAD2579-D961-404E-BE48-00003CAC0F47}"
EndProject
Global
	GlobalSection(SolutionConfigurationPlatforms) = preSolution
		Debug|Any CPU = Debug|Any CPU
		Release|Any CPU = Release|Any CPU
	EndGlobalSection
	GlobalSection(ProjectConfigurationPlatforms) = postSolution
		{2EAD2579-D961-404E-BE48-00003CAC0F47}.Debug|Any CPU.ActiveCfg = Debug|Any CPU
		{2EAD2579-D961-404E-BE48-00003CAC0F47}.Debug|Any CPU.Build.0 = Debug|Any CPU
		{2EAD2579-D961-404E-BE48-00003CAC0F47}.Release|Any CPU.ActiveCfg = Release|Any CPU
		{2EAD2579-D961-404E-BE48-00003CAC0F47}.Release|Any CPU.Build.0 = Release|Any CPU
	EndGlobalSection
	GlobalSection(SolutionProperties) = preSolution
		HideSolutionNode = FALSE
	EndGlobalSection
	GlobalSection(ExtensibilityGlobals) = postSolution
		SolutionGuid = {93A67117-25FB-4BD6-87CC-C86FDD52AAD6}
	EndGlobalSection
EndGlobal
